
Microsoft Visual Studio Solution File, Format Version 12.00
# Visual Studio 15
VisualStudioVersion = 15.0.28307.1831
MinimumVisualStudioVersion = 10.0.40219.1
Project("{FAE04EC0-301F-11D3-BF4B-00C04F79EFBC}") = "APShop.Services", "APShop.Services\APShop.Services.csproj", "{C1FF2755-0441-47F2-87F1-BC195B18816B}"
EndProject
Project("{FAE04EC0-301F-11D3-BF4B-00C04F79EFBC}") = "APShop.Core", "APShop.Core\APShop.Core.csproj", "{8867970D-784B-49AF-8E42-D6658E559074}"
EndProject
Project("{FAE04EC0-301F-11D3-BF4B-00C04F79EFBC}") = "APShop.DataAccess.SQL", "APShop.DataAccess.SQL\APShop.DataAccess.SQL.csproj", "{8D240A3F-19BB-4F51-AFE1-3A7193B68055}"
EndProject
Project("{FAE04EC0-301F-11D3-BF4B-00C04F79EFBC}") = "APShop.DataAccess.InMemory", "APShop.DataAccess.InMemory\APShop.DataAccess.InMemory.csproj", "{5BECB93B-076E-4132-A20C-03F41C2B3F59}"
EndProject
Project("{FAE04EC0-301F-11D3-BF4B-00C04F79EFBC}") = "APShop.WebUI", "APShop.WebUI\APShop.WebUI.csproj", "{FA1C7056-BF8D-46E1-BCFF-0B700D201DA2}"
EndProject
Project("{FAE04EC0-301F-11D3-BF4B-00C04F79EFBC}") = "APShop.WebUI.Tests", "APShop.WebUI.Tests\APShop.WebUI.Tests.csproj", "{A19C1373-6BB7-4E59-9FF0-9B0D679EFA70}"
EndProject
Global
	GlobalSection(SolutionConfigurationPlatforms) = preSolution
		Debug|Any CPU = Debug|Any CPU
		Release|Any CPU = Release|Any CPU
	EndGlobalSection
	GlobalSection(ProjectConfigurationPlatforms) = postSolution
		{C1FF2755-0441-47F2-87F1-BC195B18816B}.Debug|Any CPU.ActiveCfg = Debug|Any CPU
		{C1FF2755-0441-47F2-87F1-BC195B18816B}.Debug|Any CPU.Build.0 = Debug|Any CPU
		{C1FF2755-0441-47F2-87F1-BC195B18816B}.Release|Any CPU.ActiveCfg = Release|Any CPU
		{C1FF2755-0441-47F2-87F1-BC195B18816B}.Release|Any CPU.Build.0 = Release|Any CPU
		{8867970D-784B-49AF-8E42-D6658E559074}.Debug|Any CPU.ActiveCfg = Debug|Any CPU
		{8867970D-784B-49AF-8E42-D6658E559074}.Debug|Any CPU.Build.0 = Debug|Any CPU
		{8867970D-784B-49AF-8E42-D6658E559074}.Release|Any CPU.ActiveCfg = Release|Any CPU
		{8867970D-784B-49AF-8E42-D6658E559074}.Release|Any CPU.Build.0 = Release|Any CPU
		{8D240A3F-19BB-4F51-AFE1-3A7193B68055}.Debug|Any CPU.ActiveCfg = Debug|Any CPU
		{8D240A3F-19BB-4F51-AFE1-3A7193B68055}.Debug|Any CPU.Build.0 = Debug|Any CPU
		{8D240A3F-19BB-4F51-AFE1-3A7193B68055}.Release|Any CPU.ActiveCfg = Release|Any CPU
		{8D240A3F-19BB-4F51-AFE1-3A7193B68055}.Release|Any CPU.Build.0 = Release|Any CPU
		{5BECB93B-076E-4132-A20C-03F41C2B3F59}.Debug|Any CPU.ActiveCfg = Debug|Any CPU
		{5BECB93B-076E-4132-A20C-03F41C2B3F59}.Debug|Any CPU.Build.0 = Debug|Any CPU
		{5BECB93B-076E-4132-A20C-03F41C2B3F59}.Release|Any CPU.ActiveCfg = Release|Any CPU
		{5BECB93B-076E-4132-A20C-03F41C2B3F59}.Release|Any CPU.Build.0 = Release|Any CPU
		{FA1C7056-BF8D-46E1-BCFF-0B700D201DA2}.Debug|Any CPU.ActiveCfg = Debug|Any CPU
		{FA1C7056-BF8D-46E1-BCFF-0B700D201DA2}.Debug|Any CPU.Build.0 = Debug|Any CPU
		{FA1C7056-BF8D-46E1-BCFF-0B700D201DA2}.Release|Any CPU.ActiveCfg = Release|Any CPU
		{FA1C7056-BF8D-46E1-BCFF-0B700D201DA2}.Release|Any CPU.Build.0 = Release|Any CPU
		{A19C1373-6BB7-4E59-9FF0-9B0D679EFA70}.Debug|Any CPU.ActiveCfg = Debug|Any CPU
		{A19C1373-6BB7-4E59-9FF0-9B0D679EFA70}.Debug|Any CPU.Build.0 = Debug|Any CPU
		{A19C1373-6BB7-4E59-9FF0-9B0D679EFA70}.Release|Any CPU.ActiveCfg = Release|Any CPU
		{A19C1373-6BB7-4E59-9FF0-9B0D679EFA70}.Release|Any CPU.Build.0 = Release|Any CPU
	EndGlobalSection
	GlobalSection(SolutionProperties) = preSolution
		HideSolutionNode = FALSE
	EndGlobalSection
	GlobalSection(ExtensibilityGlobals) = postSolution
		SolutionGuid = {53587267-C934-4C4A-9ECB-E356C3404DC3}
	EndGlobalSection
EndGlobal
